
Microsoft Visual Studio Solution File, Format Version 12.00
# Visual Studio Version 17
VisualStudioVersion = 17.12.35514.174 d17.12
MinimumVisualStudioVersion = 10.0.40219.1
Project("{FAE04EC0-301F-11D3-BF4B-00C04F79EFBC}") = "RESQserver-dotnet", "RESQserver-dotnet\RESQserver-dotnet.csproj", "{FA24DD06-0244-421F-88CE-A5CDF55C7786}"
EndProject
Project("{FAE04EC0-301F-11D3-BF4B-00C04F79EFBC}") = "Core", "Core\Core.csproj", "{7EE16659-AF54-4C9C-BCFB-1B0F2A26EFCA}"
EndProject
Project("{FAE04EC0-301F-11D3-BF4B-00C04F79EFBC}") = "Infrastructure", "Infrastructure\Infrastructure.csproj", "{C4195678-49F9-497B-A309-BE11E1627111}"
EndProject
Project("{FAE04EC0-301F-11D3-BF4B-00C04F79EFBC}") = "Application", "Application\Application.csproj", "{0213851C-2104-44CB-B00B-685A4FD812E4}"
EndProject
Global
	GlobalSection(SolutionConfigurationPlatforms) = preSolution
		Debug|Any CPU = Debug|Any CPU
		Release|Any CPU = Release|Any CPU
	EndGlobalSection
	GlobalSection(ProjectConfigurationPlatforms) = postSolution
		{FA24DD06-0244-421F-88CE-A5CDF55C7786}.Debug|Any CPU.ActiveCfg = Debug|Any CPU
		{FA24DD06-0244-421F-88CE-A5CDF55C7786}.Debug|Any CPU.Build.0 = Debug|Any CPU
		{FA24DD06-0244-421F-88CE-A5CDF55C7786}.Release|Any CPU.ActiveCfg = Release|Any CPU
		{FA24DD06-0244-421F-88CE-A5CDF55C7786}.Release|Any CPU.Build.0 = Release|Any CPU
		{7EE16659-AF54-4C9C-BCFB-1B0F2A26EFCA}.Debug|Any CPU.ActiveCfg = Debug|Any CPU
		{7EE16659-AF54-4C9C-BCFB-1B0F2A26EFCA}.Debug|Any CPU.Build.0 = Debug|Any CPU
		{7EE16659-AF54-4C9C-BCFB-1B0F2A26EFCA}.Release|Any CPU.ActiveCfg = Release|Any CPU
		{7EE16659-AF54-4C9C-BCFB-1B0F2A26EFCA}.Release|Any CPU.Build.0 = Release|Any CPU
		{C4195678-49F9-497B-A309-BE11E1627111}.Debug|Any CPU.ActiveCfg = Debug|Any CPU
		{C4195678-49F9-497B-A309-BE11E1627111}.Debug|Any CPU.Build.0 = Debug|Any CPU
		{C4195678-49F9-497B-A309-BE11E1627111}.Release|Any CPU.ActiveCfg = Release|Any CPU
		{C4195678-49F9-497B-A309-BE11E1627111}.Release|Any CPU.Build.0 = Release|Any CPU
		{0213851C-2104-44CB-B00B-685A4FD812E4}.Debug|Any CPU.ActiveCfg = Debug|Any CPU
		{0213851C-2104-44CB-B00B-685A4FD812E4}.Debug|Any CPU.Build.0 = Debug|Any CPU
		{0213851C-2104-44CB-B00B-685A4FD812E4}.Release|Any CPU.ActiveCfg = Release|Any CPU
		{0213851C-2104-44CB-B00B-685A4FD812E4}.Release|Any CPU.Build.0 = Release|Any CPU
	EndGlobalSection
	GlobalSection(SolutionProperties) = preSolution
		HideSolutionNode = FALSE
	EndGlobalSection
EndGlobal
